
Microsoft Visual Studio Solution File, Format Version 12.00
# Visual Studio Version 16
VisualStudioVersion = 16.0.31205.134
MinimumVisualStudioVersion = 10.0.40219.1
Project("{FAE04EC0-301F-11D3-BF4B-00C04F79EFBC}") = "WebAppLaderLappen", "WebAppLaderLappen\WebAppLaderLappen.csproj", "{0A9317B4-D0BD-4854-8731-37D8CB172EF0}"
EndProject
Global
	GlobalSection(SolutionConfigurationPlatforms) = preSolution
		Debug|Any CPU = Debug|Any CPU
		Release|Any CPU = Release|Any CPU
	EndGlobalSection
	GlobalSection(ProjectConfigurationPlatforms) = postSolution
		{0A9317B4-D0BD-4854-8731-37D8CB172EF0}.Debug|Any CPU.ActiveCfg = Debug|Any CPU
		{0A9317B4-D0BD-4854-8731-37D8CB172EF0}.Debug|Any CPU.Build.0 = Debug|Any CPU
		{0A9317B4-D0BD-4854-8731-37D8CB172EF0}.Release|Any CPU.ActiveCfg = Release|Any CPU
		{0A9317B4-D0BD-4854-8731-37D8CB172EF0}.Release|Any CPU.Build.0 = Release|Any CPU
	EndGlobalSection
	GlobalSection(SolutionProperties) = preSolution
		HideSolutionNode = FALSE
	EndGlobalSection
	GlobalSection(ExtensibilityGlobals) = postSolution
		SolutionGuid = {0C3458C8-DFDE-41A7-82DF-BB83664B3F65}
	EndGlobalSection
EndGlobal
